
Microsoft Visual Studio Solution File, Format Version 12.00
# Visual Studio 14
VisualStudioVersion = 14.0.23107.0
MinimumVisualStudioVersion = 10.0.40219.1
Project("{A0786B88-2ADB-4C21-ABE8-AA2D79766269}") = "Web", "Web\Web.phpproj", "{48175B33-5C76-4F96-B510-80FB7FB3CD8B}"
EndProject
Global
	GlobalSection(SolutionConfigurationPlatforms) = preSolution
		Debug|Any CPU = Debug|Any CPU
		Release|Any CPU = Release|Any CPU
	EndGlobalSection
	GlobalSection(ProjectConfigurationPlatforms) = postSolution
		{48175B33-5C76-4F96-B510-80FB7FB3CD8B}.Debug|Any CPU.ActiveCfg = Debug|Any CPU
		{48175B33-5C76-4F96-B510-80FB7FB3CD8B}.Release|Any CPU.ActiveCfg = Release|Any CPU
		{48175B33-5C76-4F96-B510-80FB7FB3CD8B}.Release|Any CPU.Build.0 = Release|Any CPU
	EndGlobalSection
	GlobalSection(SolutionProperties) = preSolution
		HideSolutionNode = FALSE
	EndGlobalSection
EndGlobal
